{
  "name": "@pierreminiggio/ajax-content-loader",
  "version": "1.0.0",
  "lockfileVersion": 1,
  "requires": true,
  "dependencies": {
    "@pierreminiggio/add-instance-proto": {
      "version": "github:pierreminiggio/add-instance-proto#01abc2f3a6b19f7678731d851d007c624fe6f210",
      "from": "github:pierreminiggio/add-instance-proto",
      "requires": {
        "jquery": "^3.4.1"
      }
    },
    "@pierreminiggio/ajax-as-promise": {
      "version": "github:pierreminiggio/ajax-as-promise#0a83768ae3d2e5823440c813312dafbc2ccd9dc2",
      "from": "github:pierreminiggio/ajax-as-promise",
      "requires": {
        "jquery": "^3.4.1"
      }
    },
    "jquery": {
      "version": "3.4.1",
      "resolved": "https://registry.npmjs.org/jquery/-/jquery-3.4.1.tgz",
      "integrity": "sha512-36+AdBzCL+y6qjw5Tx7HgzeGCzC81MDDgaUP8ld2zhx58HdqXGoBd+tHdrBMiyjGQs0Hxs/MLZTu/eHNJJuWPw=="
    },
    "sweetalert2": {
      "version": "9.7.2",
      "resolved": "https://registry.npmjs.org/sweetalert2/-/sweetalert2-9.7.2.tgz",
      "integrity": "sha512-VmFmigf+rO20t5fOql21wIZlk60B8M02kXwPLmMA2qaBcVwvDQA+qGXuqtXipx1wsztTOiXgyDiBvdbHbIvQpw=="
    }
  }
}
